
Microsoft Visual Studio Solution File, Format Version 12.00
# Visual Studio Version 16
VisualStudioVersion = 16.0.30114.105
MinimumVisualStudioVersion = 10.0.40219.1
Project("{FAE04EC0-301F-11D3-BF4B-00C04F79EFBC}") = "Gnosis", "projects\Gnosis\Gnosis.csproj", "{735B5BE7-6C78-B525-3955-9B81871F7F2D}"
EndProject
Project("{FAE04EC0-301F-11D3-BF4B-00C04F79EFBC}") = "Gnosis.Testing", "projects\Gnosis.Testing\Gnosis.Testing.csproj", "{E205891D-E45A-44D3-AFB6-B1397F27F5B9}"
EndProject
Global
	GlobalSection(SolutionConfigurationPlatforms) = preSolution
		Debug|Any CPU = Debug|Any CPU
		Debug|x64 = Debug|x64
		Debug|x86 = Debug|x86
		Release|Any CPU = Release|Any CPU
		Release|x64 = Release|x64
		Release|x86 = Release|x86
	EndGlobalSection
	GlobalSection(ProjectConfigurationPlatforms) = postSolution
		{735B5BE7-6C78-B525-3955-9B81871F7F2D}.Debug|Any CPU.ActiveCfg = Debug|Any CPU
		{735B5BE7-6C78-B525-3955-9B81871F7F2D}.Debug|Any CPU.Build.0 = Debug|Any CPU
		{735B5BE7-6C78-B525-3955-9B81871F7F2D}.Debug|x64.ActiveCfg = Debug|Any CPU
		{735B5BE7-6C78-B525-3955-9B81871F7F2D}.Debug|x64.Build.0 = Debug|Any CPU
		{735B5BE7-6C78-B525-3955-9B81871F7F2D}.Debug|x86.ActiveCfg = Debug|Any CPU
		{735B5BE7-6C78-B525-3955-9B81871F7F2D}.Debug|x86.Build.0 = Debug|Any CPU
		{735B5BE7-6C78-B525-3955-9B81871F7F2D}.Release|Any CPU.ActiveCfg = Release|Any CPU
		{735B5BE7-6C78-B525-3955-9B81871F7F2D}.Release|Any CPU.Build.0 = Release|Any CPU
		{735B5BE7-6C78-B525-3955-9B81871F7F2D}.Release|x64.ActiveCfg = Release|Any CPU
		{735B5BE7-6C78-B525-3955-9B81871F7F2D}.Release|x64.Build.0 = Release|Any CPU
		{735B5BE7-6C78-B525-3955-9B81871F7F2D}.Release|x86.ActiveCfg = Release|Any CPU
		{735B5BE7-6C78-B525-3955-9B81871F7F2D}.Release|x86.Build.0 = Release|Any CPU
		{E205891D-E45A-44D3-AFB6-B1397F27F5B9}.Debug|Any CPU.ActiveCfg = Debug|Any CPU
		{E205891D-E45A-44D3-AFB6-B1397F27F5B9}.Debug|Any CPU.Build.0 = Debug|Any CPU
		{E205891D-E45A-44D3-AFB6-B1397F27F5B9}.Debug|x64.ActiveCfg = Debug|Any CPU
		{E205891D-E45A-44D3-AFB6-B1397F27F5B9}.Debug|x64.Build.0 = Debug|Any CPU
		{E205891D-E45A-44D3-AFB6-B1397F27F5B9}.Debug|x86.ActiveCfg = Debug|Any CPU
		{E205891D-E45A-44D3-AFB6-B1397F27F5B9}.Debug|x86.Build.0 = Debug|Any CPU
		{E205891D-E45A-44D3-AFB6-B1397F27F5B9}.Release|Any CPU.ActiveCfg = Release|Any CPU
		{E205891D-E45A-44D3-AFB6-B1397F27F5B9}.Release|Any CPU.Build.0 = Release|Any CPU
		{E205891D-E45A-44D3-AFB6-B1397F27F5B9}.Release|x64.ActiveCfg = Release|Any CPU
		{E205891D-E45A-44D3-AFB6-B1397F27F5B9}.Release|x64.Build.0 = Release|Any CPU
		{E205891D-E45A-44D3-AFB6-B1397F27F5B9}.Release|x86.ActiveCfg = Release|Any CPU
		{E205891D-E45A-44D3-AFB6-B1397F27F5B9}.Release|x86.Build.0 = Release|Any CPU
		{815FBB3D-D214-4E81-BB23-7EEC9366B0BB}.Debug|Any CPU.ActiveCfg = Debug|Any CPU
		{815FBB3D-D214-4E81-BB23-7EEC9366B0BB}.Debug|Any CPU.Build.0 = Debug|Any CPU
		{815FBB3D-D214-4E81-BB23-7EEC9366B0BB}.Debug|x64.ActiveCfg = Debug|Any CPU
		{815FBB3D-D214-4E81-BB23-7EEC9366B0BB}.Debug|x64.Build.0 = Debug|Any CPU
		{815FBB3D-D214-4E81-BB23-7EEC9366B0BB}.Debug|x86.ActiveCfg = Debug|Any CPU
		{815FBB3D-D214-4E81-BB23-7EEC9366B0BB}.Debug|x86.Build.0 = Debug|Any CPU
		{815FBB3D-D214-4E81-BB23-7EEC9366B0BB}.Release|Any CPU.ActiveCfg = Release|Any CPU
		{815FBB3D-D214-4E81-BB23-7EEC9366B0BB}.Release|Any CPU.Build.0 = Release|Any CPU
		{815FBB3D-D214-4E81-BB23-7EEC9366B0BB}.Release|x64.ActiveCfg = Release|Any CPU
		{815FBB3D-D214-4E81-BB23-7EEC9366B0BB}.Release|x64.Build.0 = Release|Any CPU
		{815FBB3D-D214-4E81-BB23-7EEC9366B0BB}.Release|x86.ActiveCfg = Release|Any CPU
		{815FBB3D-D214-4E81-BB23-7EEC9366B0BB}.Release|x86.Build.0 = Release|Any CPU
	EndGlobalSection
	GlobalSection(SolutionProperties) = preSolution
		HideSolutionNode = FALSE
	EndGlobalSection
	GlobalSection(NestedProjects) = preSolution
		{815FBB3D-D214-4E81-BB23-7EEC9366B0BB} = {17245595-230B-9055-A944-863F0DDDA8E8}
	EndGlobalSection
EndGlobal
