
Microsoft Visual Studio Solution File, Format Version 12.00
# Visual Studio Version 16
VisualStudioVersion = 16.0.30114.105
MinimumVisualStudioVersion = 10.0.40219.1
Project("{FAE04EC0-301F-11D3-BF4B-00C04F79EFBC}") = "Gnosis.Testing", "projects\Gnosis.Testing\Gnosis.Testing.csproj", "{E205891D-E45A-44D3-AFB6-B1397F27F5B9}"
EndProject
Project("{FAE04EC0-301F-11D3-BF4B-00C04F79EFBC}") = "Gnosis.Tests", "projects\Gnosis.Tests\Gnosis.Tests.csproj", "{562C46ED-7873-4C24-AB8B-04450EB6229E}"
EndProject
Project("{FAE04EC0-301F-11D3-BF4B-00C04F79EFBC}") = "Gnosis.Core", "projects\Gnosis.Core\Gnosis.Core.csproj", "{DA95330A-7B28-471F-8621-2C4353C8EB34}"
EndProject
Project("{FAE04EC0-301F-11D3-BF4B-00C04F79EFBC}") = "Gnosis.IR", "projects\Gnosis.IR\Gnosis.IR.csproj", "{E5D29A2E-1A45-408B-B485-C530297DB8B1}"
EndProject
Project("{FAE04EC0-301F-11D3-BF4B-00C04F79EFBC}") = "Gnosis.Runtime", "projects\Gnosis.Runtime\Gnosis.Runtime.csproj", "{DCF8D270-D389-483E-8A88-4AEB7B07E863}"
EndProject
Project("{FAE04EC0-301F-11D3-BF4B-00C04F79EFBC}") = "Gnosis.ECS", "projects\Gnosis.ECS\Gnosis.ECS.csproj", "{23B784A0-52DA-4962-B283-AE2EFBE9C8F9}"
EndProject
Project("{FAE04EC0-301F-11D3-BF4B-00C04F79EFBC}") = "Gnosis.Asset", "projects\Gnosis.Asset\Gnosis.Asset.csproj", "{A96258F0-3D84-4CE1-95F7-6B8BDEC9F82F}"
EndProject
Project("{FAE04EC0-301F-11D3-BF4B-00C04F79EFBC}") = "Gnosis.Database", "projects\Gnosis.Database\Gnosis.Database.csproj", "{25CC3694-7B6B-42E0-9E4C-F4D40B65ED3D}"
EndProject
Project("{FAE04EC0-301F-11D3-BF4B-00C04F79EFBC}") = "Gnosis.Graphic", "projects\Gnosis.Graphic\Gnosis.Graphic.csproj", "{99CABD9B-EAC3-46B0-8BCC-AE4829E068A2}"
EndProject
Project("{FAE04EC0-301F-11D3-BF4B-00C04F79EFBC}") = "Gnosis.Network", "projects\Gnosis.Network\Gnosis.Network.csproj", "{A1E9BC6B-DCBD-46BB-88DF-5405594BC3D6}"
EndProject
Project("{FAE04EC0-301F-11D3-BF4B-00C04F79EFBC}") = "Gnosis.Navigation", "projects\Gnosis.Navigation\Gnosis.Navigation.csproj", "{0E28C537-7533-44A5-A020-329AF8574B8A}"
EndProject
Project("{FAE04EC0-301F-11D3-BF4B-00C04F79EFBC}") = "Gnosis.AI", "projects\Gnosis.AI\Gnosis.AI.csproj", "{A60601A3-C852-44FC-854B-9FDCF022A4B9}"
EndProject
Project("{FAE04EC0-301F-11D3-BF4B-00C04F79EFBC}") = "Gnosis.Widget", "projects\Gnosis.Widget\Gnosis.Widget.csproj", "{3AEADBA8-CFBC-4773-BFFB-7135733B0687}"
EndProject
Project("{FAE04EC0-301F-11D3-BF4B-00C04F79EFBC}") = "Gnosis.Widget.WPF", "projects\Gnosis.Widget.WPF\Gnosis.Widget.WPF.csproj", "{B5A3E7F1-2D4C-4F8A-9E6B-3C7D8A1F5E2A}"
EndProject
Project("{FAE04EC0-301F-11D3-BF4B-00C04F79EFBC}") = "Gnosis.Widget.SDL", "projects\Gnosis.Widget.SDL\Gnosis.Widget.SDL.csproj", "{C8B4F2E3-1A5D-4E9B-8F7C-4D6A9B2E1F3C}"
EndProject
Project("{FAE04EC0-301F-11D3-BF4B-00C04F79EFBC}") = "Gnosis.GameUI", "projects\Gnosis.GameUI\Gnosis.GameUI.csproj", "{D47A3187-F479-465D-8EAE-43FD5D682F47}"
EndProject
Project("{FAE04EC0-301F-11D3-BF4B-00C04F79EFBC}") = "Gnosis.Toolchain", "projects\Gnosis.Toolchain\Gnosis.Toolchain.csproj", "{37664626-128F-48AF-8DDE-A1B3166A450E}"
EndProject
Project("{FAE04EC0-301F-11D3-BF4B-00C04F79EFBC}") = "Gnosis.Plugin", "projects\Gnosis.Plugin\Gnosis.Plugin.csproj", "{B66ADF67-9EA7-43F8-8366-A4598F2F18BB}"
EndProject
Project("{FAE04EC0-301F-11D3-BF4B-00C04F79EFBC}") = "Gnosis.Animation", "projects\Gnosis.Animation\Gnosis.Animation.csproj", "{212AFC2D-BE9E-445A-BA44-C03A92A1B61E}"
EndProject
Project("{FAE04EC0-301F-11D3-BF4B-00C04F79EFBC}") = "Gnosis.Audio", "projects\Gnosis.Audio\Gnosis.Audio.csproj", "{7C6906D1-84F9-4A0A-9926-CCCF544AF12E}"
EndProject
Project("{FAE04EC0-301F-11D3-BF4B-00C04F79EFBC}") = "Gnosis.Geometry", "projects\Gnosis.Geometry\Gnosis.Geometry.csproj", "{4F6A51DC-29F9-419E-AF7F-36B51979060D}"
EndProject
Project("{FAE04EC0-301F-11D3-BF4B-00C04F79EFBC}") = "Gnosis.Input", "projects\Gnosis.Input\Gnosis.Input.csproj", "{42BA57DC-1253-4C52-9515-872C989B9D62}"
EndProject
Project("{FAE04EC0-301F-11D3-BF4B-00C04F79EFBC}") = "Gnosis.Physics", "projects\Gnosis.Physics\Gnosis.Physics.csproj", "{55E36665-CE9C-422B-99D4-7A018331D9BB}"
EndProject
Project("{FAE04EC0-301F-11D3-BF4B-00C04F79EFBC}") = "Gnosis.Profiler", "projects\Gnosis.Profiler\Gnosis.Profiler.csproj", "{F399E3BD-7B23-4E75-9380-E1776FB8DE69}"
EndProject
Project("{FAE04EC0-301F-11D3-BF4B-00C04F79EFBC}") = "Gnosis.Scene", "projects\Gnosis.Scene\Gnosis.Scene.csproj", "{9150D326-10F4-44E0-AC4A-D5B5CA5A2FB5}"
EndProject
Project("{FAE04EC0-301F-11D3-BF4B-00C04F79EFBC}") = "Gnosis.Security", "projects\Gnosis.Security\Gnosis.Security.csproj", "{7205F197-B1E0-49B7-A5CB-B20C61325483}"
EndProject
Project("{FAE04EC0-301F-11D3-BF4B-00C04F79EFBC}") = "Gnosis.Storage", "projects\Gnosis.Storage\Gnosis.Storage.csproj", "{7FF6E8C5-8DD6-46DE-94F5-BB68997ED5C4}"
EndProject
Project("{FAE04EC0-301F-11D3-BF4B-00C04F79EFBC}") = "Gnosis.XR", "projects\Gnosis.XR\Gnosis.XR.csproj", "{8936FC1E-F4A3-4077-9578-7370402075E2}"
EndProject
Project("{FAE04EC0-301F-11D3-BF4B-00C04F79EFBC}") = "Gnosis.Neural", "projects\Gnosis.Neural\Gnosis.Neural.csproj", "{CCE3DC18-8801-452C-9D07-623F6B4F4670}"
EndProject
Project("{FAE04EC0-301F-11D3-BF4B-00C04F79EFBC}") = "Gnosis.Benchmarks", "vendors\Gnosis.Benchmarks\Gnosis.Benchmarks.csproj", "{A1B2C3D4-E5F6-7890-ABCD-EF1234567890}"
EndProject
Project("{2150E333-8FDC-42A3-9474-1A3956D46DE8}") = "projects", "projects", "{17245595-230B-9055-A944-863F0DDDA8E8}"
EndProject
Global
	GlobalSection(SolutionConfigurationPlatforms) = preSolution
		Debug|Any CPU = Debug|Any CPU
		Debug|x64 = Debug|x64
		Debug|x86 = Debug|x86
		Release|Any CPU = Release|Any CPU
		Release|x64 = Release|x64
		Release|x86 = Release|x86
	EndGlobalSection
	GlobalSection(ProjectConfigurationPlatforms) = postSolution
		{E205891D-E45A-44D3-AFB6-B1397F27F5B9}.Debug|Any CPU.ActiveCfg = Debug|Any CPU
		{E205891D-E45A-44D3-AFB6-B1397F27F5B9}.Debug|Any CPU.Build.0 = Debug|Any CPU
		{E205891D-E45A-44D3-AFB6-B1397F27F5B9}.Debug|x64.ActiveCfg = Debug|Any CPU
		{E205891D-E45A-44D3-AFB6-B1397F27F5B9}.Debug|x64.Build.0 = Debug|Any CPU
		{E205891D-E45A-44D3-AFB6-B1397F27F5B9}.Debug|x86.ActiveCfg = Debug|Any CPU
		{E205891D-E45A-44D3-AFB6-B1397F27F5B9}.Debug|x86.Build.0 = Debug|Any CPU
		{E205891D-E45A-44D3-AFB6-B1397F27F5B9}.Release|Any CPU.ActiveCfg = Release|Any CPU
		{E205891D-E45A-44D3-AFB6-B1397F27F5B9}.Release|Any CPU.Build.0 = Release|Any CPU
		{E205891D-E45A-44D3-AFB6-B1397F27F5B9}.Release|x64.ActiveCfg = Release|Any CPU
		{E205891D-E45A-44D3-AFB6-B1397F27F5B9}.Release|x64.Build.0 = Release|Any CPU
		{E205891D-E45A-44D3-AFB6-B1397F27F5B9}.Release|x86.ActiveCfg = Release|Any CPU
		{E205891D-E45A-44D3-AFB6-B1397F27F5B9}.Release|x86.Build.0 = Release|Any CPU
		{562C46ED-7873-4C24-AB8B-04450EB6229E}.Debug|Any CPU.ActiveCfg = Debug|Any CPU
		{562C46ED-7873-4C24-AB8B-04450EB6229E}.Debug|Any CPU.Build.0 = Debug|Any CPU
		{562C46ED-7873-4C24-AB8B-04450EB6229E}.Debug|x64.ActiveCfg = Debug|Any CPU
		{562C46ED-7873-4C24-AB8B-04450EB6229E}.Debug|x64.Build.0 = Debug|Any CPU
		{562C46ED-7873-4C24-AB8B-04450EB6229E}.Debug|x86.ActiveCfg = Debug|Any CPU
		{562C46ED-7873-4C24-AB8B-04450EB6229E}.Debug|x86.Build.0 = Debug|Any CPU
		{562C46ED-7873-4C24-AB8B-04450EB6229E}.Release|Any CPU.ActiveCfg = Release|Any CPU
		{562C46ED-7873-4C24-AB8B-04450EB6229E}.Release|Any CPU.Build.0 = Release|Any CPU
		{562C46ED-7873-4C24-AB8B-04450EB6229E}.Release|x64.ActiveCfg = Release|Any CPU
		{562C46ED-7873-4C24-AB8B-04450EB6229E}.Release|x64.Build.0 = Release|Any CPU
		{562C46ED-7873-4C24-AB8B-04450EB6229E}.Release|x86.ActiveCfg = Release|Any CPU
		{562C46ED-7873-4C24-AB8B-04450EB6229E}.Release|x86.Build.0 = Release|Any CPU
		{DA95330A-7B28-471F-8621-2C4353C8EB34}.Debug|Any CPU.ActiveCfg = Debug|Any CPU
		{DA95330A-7B28-471F-8621-2C4353C8EB34}.Debug|Any CPU.Build.0 = Debug|Any CPU
		{DA95330A-7B28-471F-8621-2C4353C8EB34}.Debug|x64.ActiveCfg = Debug|Any CPU
		{DA95330A-7B28-471F-8621-2C4353C8EB34}.Debug|x64.Build.0 = Debug|Any CPU
		{DA95330A-7B28-471F-8621-2C4353C8EB34}.Debug|x86.ActiveCfg = Debug|Any CPU
		{DA95330A-7B28-471F-8621-2C4353C8EB34}.Debug|x86.Build.0 = Debug|Any CPU
		{DA95330A-7B28-471F-8621-2C4353C8EB34}.Release|Any CPU.ActiveCfg = Release|Any CPU
		{DA95330A-7B28-471F-8621-2C4353C8EB34}.Release|Any CPU.Build.0 = Release|Any CPU
		{DA95330A-7B28-471F-8621-2C4353C8EB34}.Release|x64.ActiveCfg = Release|Any CPU
		{DA95330A-7B28-471F-8621-2C4353C8EB34}.Release|x64.Build.0 = Release|Any CPU
		{DA95330A-7B28-471F-8621-2C4353C8EB34}.Release|x86.ActiveCfg = Release|Any CPU
		{DA95330A-7B28-471F-8621-2C4353C8EB34}.Release|x86.Build.0 = Release|Any CPU
		{E5D29A2E-1A45-408B-B485-C530297DB8B1}.Debug|Any CPU.ActiveCfg = Debug|Any CPU
		{E5D29A2E-1A45-408B-B485-C530297DB8B1}.Debug|Any CPU.Build.0 = Debug|Any CPU
		{E5D29A2E-1A45-408B-B485-C530297DB8B1}.Debug|x64.ActiveCfg = Debug|Any CPU
		{E5D29A2E-1A45-408B-B485-C530297DB8B1}.Debug|x64.Build.0 = Debug|Any CPU
		{E5D29A2E-1A45-408B-B485-C530297DB8B1}.Debug|x86.ActiveCfg = Debug|Any CPU
		{E5D29A2E-1A45-408B-B485-C530297DB8B1}.Debug|x86.Build.0 = Debug|Any CPU
		{E5D29A2E-1A45-408B-B485-C530297DB8B1}.Release|Any CPU.ActiveCfg = Release|Any CPU
		{E5D29A2E-1A45-408B-B485-C530297DB8B1}.Release|Any CPU.Build.0 = Release|Any CPU
		{E5D29A2E-1A45-408B-B485-C530297DB8B1}.Release|x64.ActiveCfg = Release|Any CPU
		{E5D29A2E-1A45-408B-B485-C530297DB8B1}.Release|x64.Build.0 = Release|Any CPU
		{E5D29A2E-1A45-408B-B485-C530297DB8B1}.Release|x86.ActiveCfg = Release|Any CPU
		{E5D29A2E-1A45-408B-B485-C530297DB8B1}.Release|x86.Build.0 = Release|Any CPU
		{DCF8D270-D389-483E-8A88-4AEB7B07E863}.Debug|Any CPU.ActiveCfg = Debug|Any CPU
		{DCF8D270-D389-483E-8A88-4AEB7B07E863}.Debug|Any CPU.Build.0 = Debug|Any CPU
		{DCF8D270-D389-483E-8A88-4AEB7B07E863}.Debug|x64.ActiveCfg = Debug|Any CPU
		{DCF8D270-D389-483E-8A88-4AEB7B07E863}.Debug|x64.Build.0 = Debug|Any CPU
		{DCF8D270-D389-483E-8A88-4AEB7B07E863}.Debug|x86.ActiveCfg = Debug|Any CPU
		{DCF8D270-D389-483E-8A88-4AEB7B07E863}.Debug|x86.Build.0 = Debug|Any CPU
		{DCF8D270-D389-483E-8A88-4AEB7B07E863}.Release|Any CPU.ActiveCfg = Release|Any CPU
		{DCF8D270-D389-483E-8A88-4AEB7B07E863}.Release|Any CPU.Build.0 = Release|Any CPU
		{DCF8D270-D389-483E-8A88-4AEB7B07E863}.Release|x64.ActiveCfg = Release|Any CPU
		{DCF8D270-D389-483E-8A88-4AEB7B07E863}.Release|x64.Build.0 = Release|Any CPU
		{DCF8D270-D389-483E-8A88-4AEB7B07E863}.Release|x86.ActiveCfg = Release|Any CPU
		{DCF8D270-D389-483E-8A88-4AEB7B07E863}.Release|x86.Build.0 = Release|Any CPU
		{23B784A0-52DA-4962-B283-AE2EFBE9C8F9}.Debug|Any CPU.ActiveCfg = Debug|Any CPU
		{23B784A0-52DA-4962-B283-AE2EFBE9C8F9}.Debug|Any CPU.Build.0 = Debug|Any CPU
		{23B784A0-52DA-4962-B283-AE2EFBE9C8F9}.Debug|x64.ActiveCfg = Debug|Any CPU
		{23B784A0-52DA-4962-B283-AE2EFBE9C8F9}.Debug|x64.Build.0 = Debug|Any CPU
		{23B784A0-52DA-4962-B283-AE2EFBE9C8F9}.Debug|x86.ActiveCfg = Debug|Any CPU
		{23B784A0-52DA-4962-B283-AE2EFBE9C8F9}.Debug|x86.Build.0 = Debug|Any CPU
		{23B784A0-52DA-4962-B283-AE2EFBE9C8F9}.Release|Any CPU.ActiveCfg = Release|Any CPU
		{23B784A0-52DA-4962-B283-AE2EFBE9C8F9}.Release|Any CPU.Build.0 = Release|Any CPU
		{23B784A0-52DA-4962-B283-AE2EFBE9C8F9}.Release|x64.ActiveCfg = Release|Any CPU
		{23B784A0-52DA-4962-B283-AE2EFBE9C8F9}.Release|x64.Build.0 = Release|Any CPU
		{23B784A0-52DA-4962-B283-AE2EFBE9C8F9}.Release|x86.ActiveCfg = Release|Any CPU
		{23B784A0-52DA-4962-B283-AE2EFBE9C8F9}.Release|x86.Build.0 = Release|Any CPU
		{A96258F0-3D84-4CE1-95F7-6B8BDEC9F82F}.Debug|Any CPU.ActiveCfg = Debug|Any CPU
		{A96258F0-3D84-4CE1-95F7-6B8BDEC9F82F}.Debug|Any CPU.Build.0 = Debug|Any CPU
		{A96258F0-3D84-4CE1-95F7-6B8BDEC9F82F}.Debug|x64.ActiveCfg = Debug|Any CPU
		{A96258F0-3D84-4CE1-95F7-6B8BDEC9F82F}.Debug|x64.Build.0 = Debug|Any CPU
		{A96258F0-3D84-4CE1-95F7-6B8BDEC9F82F}.Debug|x86.ActiveCfg = Debug|Any CPU
		{A96258F0-3D84-4CE1-95F7-6B8BDEC9F82F}.Debug|x86.Build.0 = Debug|Any CPU
		{A96258F0-3D84-4CE1-95F7-6B8BDEC9F82F}.Release|Any CPU.ActiveCfg = Release|Any CPU
		{A96258F0-3D84-4CE1-95F7-6B8BDEC9F82F}.Release|Any CPU.Build.0 = Release|Any CPU
		{A96258F0-3D84-4CE1-95F7-6B8BDEC9F82F}.Release|x64.ActiveCfg = Release|Any CPU
		{A96258F0-3D84-4CE1-95F7-6B8BDEC9F82F}.Release|x64.Build.0 = Release|Any CPU
		{A96258F0-3D84-4CE1-95F7-6B8BDEC9F82F}.Release|x86.ActiveCfg = Release|Any CPU
		{A96258F0-3D84-4CE1-95F7-6B8BDEC9F82F}.Release|x86.Build.0 = Release|Any CPU
		{25CC3694-7B6B-42E0-9E4C-F4D40B65ED3D}.Debug|Any CPU.ActiveCfg = Debug|Any CPU
		{25CC3694-7B6B-42E0-9E4C-F4D40B65ED3D}.Debug|Any CPU.Build.0 = Debug|Any CPU
		{25CC3694-7B6B-42E0-9E4C-F4D40B65ED3D}.Debug|x64.ActiveCfg = Debug|Any CPU
		{25CC3694-7B6B-42E0-9E4C-F4D40B65ED3D}.Debug|x64.Build.0 = Debug|Any CPU
		{25CC3694-7B6B-42E0-9E4C-F4D40B65ED3D}.Debug|x86.ActiveCfg = Debug|Any CPU
		{25CC3694-7B6B-42E0-9E4C-F4D40B65ED3D}.Debug|x86.Build.0 = Debug|Any CPU
		{25CC3694-7B6B-42E0-9E4C-F4D40B65ED3D}.Release|Any CPU.ActiveCfg = Release|Any CPU
		{25CC3694-7B6B-42E0-9E4C-F4D40B65ED3D}.Release|Any CPU.Build.0 = Release|Any CPU
		{25CC3694-7B6B-42E0-9E4C-F4D40B65ED3D}.Release|x64.ActiveCfg = Release|Any CPU
		{25CC3694-7B6B-42E0-9E4C-F4D40B65ED3D}.Release|x64.Build.0 = Release|Any CPU
		{25CC3694-7B6B-42E0-9E4C-F4D40B65ED3D}.Release|x86.ActiveCfg = Release|Any CPU
		{25CC3694-7B6B-42E0-9E4C-F4D40B65ED3D}.Release|x86.Build.0 = Release|Any CPU
		{99CABD9B-EAC3-46B0-8BCC-AE4829E068A2}.Debug|Any CPU.ActiveCfg = Debug|Any CPU
		{99CABD9B-EAC3-46B0-8BCC-AE4829E068A2}.Debug|Any CPU.Build.0 = Debug|Any CPU
		{99CABD9B-EAC3-46B0-8BCC-AE4829E068A2}.Debug|x64.ActiveCfg = Debug|Any CPU
		{99CABD9B-EAC3-46B0-8BCC-AE4829E068A2}.Debug|x64.Build.0 = Debug|Any CPU
		{99CABD9B-EAC3-46B0-8BCC-AE4829E068A2}.Debug|x86.ActiveCfg = Debug|Any CPU
		{99CABD9B-EAC3-46B0-8BCC-AE4829E068A2}.Debug|x86.Build.0 = Debug|Any CPU
		{99CABD9B-EAC3-46B0-8BCC-AE4829E068A2}.Release|Any CPU.ActiveCfg = Release|Any CPU
		{99CABD9B-EAC3-46B0-8BCC-AE4829E068A2}.Release|Any CPU.Build.0 = Release|Any CPU
		{99CABD9B-EAC3-46B0-8BCC-AE4829E068A2}.Release|x64.ActiveCfg = Release|Any CPU
		{99CABD9B-EAC3-46B0-8BCC-AE4829E068A2}.Release|x64.Build.0 = Release|Any CPU
		{99CABD9B-EAC3-46B0-8BCC-AE4829E068A2}.Release|x86.ActiveCfg = Release|Any CPU
		{99CABD9B-EAC3-46B0-8BCC-AE4829E068A2}.Release|x86.Build.0 = Release|Any CPU
		{A1E9BC6B-DCBD-46BB-88DF-5405594BC3D6}.Debug|Any CPU.ActiveCfg = Debug|Any CPU
		{A1E9BC6B-DCBD-46BB-88DF-5405594BC3D6}.Debug|Any CPU.Build.0 = Debug|Any CPU
		{A1E9BC6B-DCBD-46BB-88DF-5405594BC3D6}.Debug|x64.ActiveCfg = Debug|Any CPU
		{A1E9BC6B-DCBD-46BB-88DF-5405594BC3D6}.Debug|x64.Build.0 = Debug|Any CPU
		{A1E9BC6B-DCBD-46BB-88DF-5405594BC3D6}.Debug|x86.ActiveCfg = Debug|Any CPU
		{A1E9BC6B-DCBD-46BB-88DF-5405594BC3D6}.Debug|x86.Build.0 = Debug|Any CPU
		{A1E9BC6B-DCBD-46BB-88DF-5405594BC3D6}.Release|Any CPU.ActiveCfg = Release|Any CPU
		{A1E9BC6B-DCBD-46BB-88DF-5405594BC3D6}.Release|Any CPU.Build.0 = Release|Any CPU
		{A1E9BC6B-DCBD-46BB-88DF-5405594BC3D6}.Release|x64.ActiveCfg = Release|Any CPU
		{A1E9BC6B-DCBD-46BB-88DF-5405594BC3D6}.Release|x64.Build.0 = Release|Any CPU
		{A1E9BC6B-DCBD-46BB-88DF-5405594BC3D6}.Release|x86.ActiveCfg = Release|Any CPU
		{A1E9BC6B-DCBD-46BB-88DF-5405594BC3D6}.Release|x86.Build.0 = Release|Any CPU
		{0E28C537-7533-44A5-A020-329AF8574B8A}.Debug|Any CPU.ActiveCfg = Debug|Any CPU
		{0E28C537-7533-44A5-A020-329AF8574B8A}.Debug|Any CPU.Build.0 = Debug|Any CPU
		{0E28C537-7533-44A5-A020-329AF8574B8A}.Debug|x64.ActiveCfg = Debug|Any CPU
		{0E28C537-7533-44A5-A020-329AF8574B8A}.Debug|x64.Build.0 = Debug|Any CPU
		{0E28C537-7533-44A5-A020-329AF8574B8A}.Debug|x86.ActiveCfg = Debug|Any CPU
		{0E28C537-7533-44A5-A020-329AF8574B8A}.Debug|x86.Build.0 = Debug|Any CPU
		{0E28C537-7533-44A5-A020-329AF8574B8A}.Release|Any CPU.ActiveCfg = Release|Any CPU
		{0E28C537-7533-44A5-A020-329AF8574B8A}.Release|Any CPU.Build.0 = Release|Any CPU
		{0E28C537-7533-44A5-A020-329AF8574B8A}.Release|x64.ActiveCfg = Release|Any CPU
		{0E28C537-7533-44A5-A020-329AF8574B8A}.Release|x64.Build.0 = Release|Any CPU
		{0E28C537-7533-44A5-A020-329AF8574B8A}.Release|x86.ActiveCfg = Release|Any CPU
		{0E28C537-7533-44A5-A020-329AF8574B8A}.Release|x86.Build.0 = Release|Any CPU
		{A60601A3-C852-44FC-854B-9FDCF022A4B9}.Debug|Any CPU.ActiveCfg = Debug|Any CPU
		{A60601A3-C852-44FC-854B-9FDCF022A4B9}.Debug|Any CPU.Build.0 = Debug|Any CPU
		{A60601A3-C852-44FC-854B-9FDCF022A4B9}.Debug|x64.ActiveCfg = Debug|Any CPU
		{A60601A3-C852-44FC-854B-9FDCF022A4B9}.Debug|x64.Build.0 = Debug|Any CPU
		{A60601A3-C852-44FC-854B-9FDCF022A4B9}.Debug|x86.ActiveCfg = Debug|Any CPU
		{A60601A3-C852-44FC-854B-9FDCF022A4B9}.Debug|x86.Build.0 = Debug|Any CPU
		{A60601A3-C852-44FC-854B-9FDCF022A4B9}.Release|Any CPU.ActiveCfg = Release|Any CPU
		{A60601A3-C852-44FC-854B-9FDCF022A4B9}.Release|Any CPU.Build.0 = Release|Any CPU
		{A60601A3-C852-44FC-854B-9FDCF022A4B9}.Release|x64.ActiveCfg = Release|Any CPU
		{A60601A3-C852-44FC-854B-9FDCF022A4B9}.Release|x64.Build.0 = Release|Any CPU
		{A60601A3-C852-44FC-854B-9FDCF022A4B9}.Release|x86.ActiveCfg = Release|Any CPU
		{A60601A3-C852-44FC-854B-9FDCF022A4B9}.Release|x86.Build.0 = Release|Any CPU
		{3AEADBA8-CFBC-4773-BFFB-7135733B0687}.Debug|Any CPU.ActiveCfg = Debug|Any CPU
		{3AEADBA8-CFBC-4773-BFFB-7135733B0687}.Debug|Any CPU.Build.0 = Debug|Any CPU
		{3AEADBA8-CFBC-4773-BFFB-7135733B0687}.Debug|x64.ActiveCfg = Debug|Any CPU
		{3AEADBA8-CFBC-4773-BFFB-7135733B0687}.Debug|x64.Build.0 = Debug|Any CPU
		{3AEADBA8-CFBC-4773-BFFB-7135733B0687}.Debug|x86.ActiveCfg = Debug|Any CPU
		{3AEADBA8-CFBC-4773-BFFB-7135733B0687}.Debug|x86.Build.0 = Debug|Any CPU
		{3AEADBA8-CFBC-4773-BFFB-7135733B0687}.Release|Any CPU.ActiveCfg = Release|Any CPU
		{3AEADBA8-CFBC-4773-BFFB-7135733B0687}.Release|Any CPU.Build.0 = Release|Any CPU
		{3AEADBA8-CFBC-4773-BFFB-7135733B0687}.Release|x64.ActiveCfg = Release|Any CPU
		{3AEADBA8-CFBC-4773-BFFB-7135733B0687}.Release|x64.Build.0 = Release|Any CPU
		{3AEADBA8-CFBC-4773-BFFB-7135733B0687}.Release|x86.ActiveCfg = Release|Any CPU
		{3AEADBA8-CFBC-4773-BFFB-7135733B0687}.Release|x86.Build.0 = Release|Any CPU
		{B5A3E7F1-2D4C-4F8A-9E6B-3C7D8A1F5E2A}.Debug|Any CPU.ActiveCfg = Debug|Any CPU
		{B5A3E7F1-2D4C-4F8A-9E6B-3C7D8A1F5E2A}.Debug|Any CPU.Build.0 = Debug|Any CPU
		{B5A3E7F1-2D4C-4F8A-9E6B-3C7D8A1F5E2A}.Debug|x64.ActiveCfg = Debug|Any CPU
		{B5A3E7F1-2D4C-4F8A-9E6B-3C7D8A1F5E2A}.Debug|x64.Build.0 = Debug|Any CPU
		{B5A3E7F1-2D4C-4F8A-9E6B-3C7D8A1F5E2A}.Debug|x86.ActiveCfg = Debug|Any CPU
		{B5A3E7F1-2D4C-4F8A-9E6B-3C7D8A1F5E2A}.Debug|x86.Build.0 = Debug|Any CPU
		{B5A3E7F1-2D4C-4F8A-9E6B-3C7D8A1F5E2A}.Release|Any CPU.ActiveCfg = Release|Any CPU
		{B5A3E7F1-2D4C-4F8A-9E6B-3C7D8A1F5E2A}.Release|Any CPU.Build.0 = Release|Any CPU
		{B5A3E7F1-2D4C-4F8A-9E6B-3C7D8A1F5E2A}.Release|x64.ActiveCfg = Release|Any CPU
		{B5A3E7F1-2D4C-4F8A-9E6B-3C7D8A1F5E2A}.Release|x64.Build.0 = Release|Any CPU
		{B5A3E7F1-2D4C-4F8A-9E6B-3C7D8A1F5E2A}.Release|x86.ActiveCfg = Release|Any CPU
		{B5A3E7F1-2D4C-4F8A-9E6B-3C7D8A1F5E2A}.Release|x86.Build.0 = Release|Any CPU
		{C8B4F2E3-1A5D-4E9B-8F7C-4D6A9B2E1F3C}.Debug|Any CPU.ActiveCfg = Debug|Any CPU
		{C8B4F2E3-1A5D-4E9B-8F7C-4D6A9B2E1F3C}.Debug|Any CPU.Build.0 = Debug|Any CPU
		{C8B4F2E3-1A5D-4E9B-8F7C-4D6A9B2E1F3C}.Debug|x64.ActiveCfg = Debug|Any CPU
		{C8B4F2E3-1A5D-4E9B-8F7C-4D6A9B2E1F3C}.Debug|x64.Build.0 = Debug|Any CPU
		{C8B4F2E3-1A5D-4E9B-8F7C-4D6A9B2E1F3C}.Debug|x86.ActiveCfg = Debug|Any CPU
		{C8B4F2E3-1A5D-4E9B-8F7C-4D6A9B2E1F3C}.Debug|x86.Build.0 = Debug|Any CPU
		{C8B4F2E3-1A5D-4E9B-8F7C-4D6A9B2E1F3C}.Release|Any CPU.ActiveCfg = Release|Any CPU
		{C8B4F2E3-1A5D-4E9B-8F7C-4D6A9B2E1F3C}.Release|Any CPU.Build.0 = Release|Any CPU
		{C8B4F2E3-1A5D-4E9B-8F7C-4D6A9B2E1F3C}.Release|x64.ActiveCfg = Release|Any CPU
		{C8B4F2E3-1A5D-4E9B-8F7C-4D6A9B2E1F3C}.Release|x64.Build.0 = Release|Any CPU
		{C8B4F2E3-1A5D-4E9B-8F7C-4D6A9B2E1F3C}.Release|x86.ActiveCfg = Release|Any CPU
		{C8B4F2E3-1A5D-4E9B-8F7C-4D6A9B2E1F3C}.Release|x86.Build.0 = Release|Any CPU
		{D47A3187-F479-465D-8EAE-43FD5D682F47}.Debug|Any CPU.ActiveCfg = Debug|Any CPU
		{D47A3187-F479-465D-8EAE-43FD5D682F47}.Debug|Any CPU.Build.0 = Debug|Any CPU
		{D47A3187-F479-465D-8EAE-43FD5D682F47}.Debug|x64.ActiveCfg = Debug|Any CPU
		{D47A3187-F479-465D-8EAE-43FD5D682F47}.Debug|x64.Build.0 = Debug|Any CPU
		{D47A3187-F479-465D-8EAE-43FD5D682F47}.Debug|x86.ActiveCfg = Debug|Any CPU
		{D47A3187-F479-465D-8EAE-43FD5D682F47}.Debug|x86.Build.0 = Debug|Any CPU
		{D47A3187-F479-465D-8EAE-43FD5D682F47}.Release|Any CPU.ActiveCfg = Release|Any CPU
		{D47A3187-F479-465D-8EAE-43FD5D682F47}.Release|Any CPU.Build.0 = Release|Any CPU
		{D47A3187-F479-465D-8EAE-43FD5D682F47}.Release|x64.ActiveCfg = Release|Any CPU
		{D47A3187-F479-465D-8EAE-43FD5D682F47}.Release|x64.Build.0 = Release|Any CPU
		{D47A3187-F479-465D-8EAE-43FD5D682F47}.Release|x86.ActiveCfg = Release|Any CPU
		{D47A3187-F479-465D-8EAE-43FD5D682F47}.Release|x86.Build.0 = Release|Any CPU
		{37664626-128F-48AF-8DDE-A1B3166A450E}.Debug|Any CPU.ActiveCfg = Debug|Any CPU
		{37664626-128F-48AF-8DDE-A1B3166A450E}.Debug|Any CPU.Build.0 = Debug|Any CPU
		{37664626-128F-48AF-8DDE-A1B3166A450E}.Debug|x64.ActiveCfg = Debug|Any CPU
		{37664626-128F-48AF-8DDE-A1B3166A450E}.Debug|x64.Build.0 = Debug|Any CPU
		{37664626-128F-48AF-8DDE-A1B3166A450E}.Debug|x86.ActiveCfg = Debug|Any CPU
		{37664626-128F-48AF-8DDE-A1B3166A450E}.Debug|x86.Build.0 = Debug|Any CPU
		{37664626-128F-48AF-8DDE-A1B3166A450E}.Release|Any CPU.ActiveCfg = Release|Any CPU
		{37664626-128F-48AF-8DDE-A1B3166A450E}.Release|Any CPU.Build.0 = Release|Any CPU
		{37664626-128F-48AF-8DDE-A1B3166A450E}.Release|x64.ActiveCfg = Release|Any CPU
		{37664626-128F-48AF-8DDE-A1B3166A450E}.Release|x64.Build.0 = Release|Any CPU
		{37664626-128F-48AF-8DDE-A1B3166A450E}.Release|x86.ActiveCfg = Release|Any CPU
		{37664626-128F-48AF-8DDE-A1B3166A450E}.Release|x86.Build.0 = Release|Any CPU
		{B66ADF67-9EA7-43F8-8366-A4598F2F18BB}.Debug|Any CPU.ActiveCfg = Debug|Any CPU
		{B66ADF67-9EA7-43F8-8366-A4598F2F18BB}.Debug|Any CPU.Build.0 = Debug|Any CPU
		{B66ADF67-9EA7-43F8-8366-A4598F2F18BB}.Debug|x64.ActiveCfg = Debug|Any CPU
		{B66ADF67-9EA7-43F8-8366-A4598F2F18BB}.Debug|x64.Build.0 = Debug|Any CPU
		{B66ADF67-9EA7-43F8-8366-A4598F2F18BB}.Debug|x86.ActiveCfg = Debug|Any CPU
		{B66ADF67-9EA7-43F8-8366-A4598F2F18BB}.Debug|x86.Build.0 = Debug|Any CPU
		{B66ADF67-9EA7-43F8-8366-A4598F2F18BB}.Release|Any CPU.ActiveCfg = Release|Any CPU
		{B66ADF67-9EA7-43F8-8366-A4598F2F18BB}.Release|Any CPU.Build.0 = Release|Any CPU
		{B66ADF67-9EA7-43F8-8366-A4598F2F18BB}.Release|x64.ActiveCfg = Release|Any CPU
		{B66ADF67-9EA7-43F8-8366-A4598F2F18BB}.Release|x64.Build.0 = Release|Any CPU
		{B66ADF67-9EA7-43F8-8366-A4598F2F18BB}.Release|x86.ActiveCfg = Release|Any CPU
		{B66ADF67-9EA7-43F8-8366-A4598F2F18BB}.Release|x86.Build.0 = Release|Any CPU
		{212AFC2D-BE9E-445A-BA44-C03A92A1B61E}.Debug|Any CPU.ActiveCfg = Debug|Any CPU
		{212AFC2D-BE9E-445A-BA44-C03A92A1B61E}.Debug|Any CPU.Build.0 = Debug|Any CPU
		{212AFC2D-BE9E-445A-BA44-C03A92A1B61E}.Debug|x64.ActiveCfg = Debug|Any CPU
		{212AFC2D-BE9E-445A-BA44-C03A92A1B61E}.Debug|x64.Build.0 = Debug|Any CPU
		{212AFC2D-BE9E-445A-BA44-C03A92A1B61E}.Debug|x86.ActiveCfg = Debug|Any CPU
		{212AFC2D-BE9E-445A-BA44-C03A92A1B61E}.Debug|x86.Build.0 = Debug|Any CPU
		{212AFC2D-BE9E-445A-BA44-C03A92A1B61E}.Release|Any CPU.ActiveCfg = Release|Any CPU
		{212AFC2D-BE9E-445A-BA44-C03A92A1B61E}.Release|Any CPU.Build.0 = Release|Any CPU
		{212AFC2D-BE9E-445A-BA44-C03A92A1B61E}.Release|x64.ActiveCfg = Release|Any CPU
		{212AFC2D-BE9E-445A-BA44-C03A92A1B61E}.Release|x64.Build.0 = Release|Any CPU
		{212AFC2D-BE9E-445A-BA44-C03A92A1B61E}.Release|x86.ActiveCfg = Release|Any CPU
		{212AFC2D-BE9E-445A-BA44-C03A92A1B61E}.Release|x86.Build.0 = Release|Any CPU
		{7C6906D1-84F9-4A0A-9926-CCCF544AF12E}.Debug|Any CPU.ActiveCfg = Debug|Any CPU
		{7C6906D1-84F9-4A0A-9926-CCCF544AF12E}.Debug|Any CPU.Build.0 = Debug|Any CPU
		{7C6906D1-84F9-4A0A-9926-CCCF544AF12E}.Debug|x64.ActiveCfg = Debug|Any CPU
		{7C6906D1-84F9-4A0A-9926-CCCF544AF12E}.Debug|x64.Build.0 = Debug|Any CPU
		{7C6906D1-84F9-4A0A-9926-CCCF544AF12E}.Debug|x86.ActiveCfg = Debug|Any CPU
		{7C6906D1-84F9-4A0A-9926-CCCF544AF12E}.Debug|x86.Build.0 = Debug|Any CPU
		{7C6906D1-84F9-4A0A-9926-CCCF544AF12E}.Release|Any CPU.ActiveCfg = Release|Any CPU
		{7C6906D1-84F9-4A0A-9926-CCCF544AF12E}.Release|Any CPU.Build.0 = Release|Any CPU
		{7C6906D1-84F9-4A0A-9926-CCCF544AF12E}.Release|x64.ActiveCfg = Release|Any CPU
		{7C6906D1-84F9-4A0A-9926-CCCF544AF12E}.Release|x64.Build.0 = Release|Any CPU
		{7C6906D1-84F9-4A0A-9926-CCCF544AF12E}.Release|x86.ActiveCfg = Release|Any CPU
		{7C6906D1-84F9-4A0A-9926-CCCF544AF12E}.Release|x86.Build.0 = Release|Any CPU
		{4F6A51DC-29F9-419E-AF7F-36B51979060D}.Debug|Any CPU.ActiveCfg = Debug|Any CPU
		{4F6A51DC-29F9-419E-AF7F-36B51979060D}.Debug|Any CPU.Build.0 = Debug|Any CPU
		{4F6A51DC-29F9-419E-AF7F-36B51979060D}.Debug|x64.ActiveCfg = Debug|Any CPU
		{4F6A51DC-29F9-419E-AF7F-36B51979060D}.Debug|x64.Build.0 = Debug|Any CPU
		{4F6A51DC-29F9-419E-AF7F-36B51979060D}.Debug|x86.ActiveCfg = Debug|Any CPU
		{4F6A51DC-29F9-419E-AF7F-36B51979060D}.Debug|x86.Build.0 = Debug|Any CPU
		{4F6A51DC-29F9-419E-AF7F-36B51979060D}.Release|Any CPU.ActiveCfg = Release|Any CPU
		{4F6A51DC-29F9-419E-AF7F-36B51979060D}.Release|Any CPU.Build.0 = Release|Any CPU
		{4F6A51DC-29F9-419E-AF7F-36B51979060D}.Release|x64.ActiveCfg = Release|Any CPU
		{4F6A51DC-29F9-419E-AF7F-36B51979060D}.Release|x64.Build.0 = Release|Any CPU
		{4F6A51DC-29F9-419E-AF7F-36B51979060D}.Release|x86.ActiveCfg = Release|Any CPU
		{4F6A51DC-29F9-419E-AF7F-36B51979060D}.Release|x86.Build.0 = Release|Any CPU
		{42BA57DC-1253-4C52-9515-872C989B9D62}.Debug|Any CPU.ActiveCfg = Debug|Any CPU
		{42BA57DC-1253-4C52-9515-872C989B9D62}.Debug|Any CPU.Build.0 = Debug|Any CPU
		{42BA57DC-1253-4C52-9515-872C989B9D62}.Debug|x64.ActiveCfg = Debug|Any CPU
		{42BA57DC-1253-4C52-9515-872C989B9D62}.Debug|x64.Build.0 = Debug|Any CPU
		{42BA57DC-1253-4C52-9515-872C989B9D62}.Debug|x86.ActiveCfg = Debug|Any CPU
		{42BA57DC-1253-4C52-9515-872C989B9D62}.Debug|x86.Build.0 = Debug|Any CPU
		{42BA57DC-1253-4C52-9515-872C989B9D62}.Release|Any CPU.ActiveCfg = Release|Any CPU
		{42BA57DC-1253-4C52-9515-872C989B9D62}.Release|Any CPU.Build.0 = Release|Any CPU
		{42BA57DC-1253-4C52-9515-872C989B9D62}.Release|x64.ActiveCfg = Release|Any CPU
		{42BA57DC-1253-4C52-9515-872C989B9D62}.Release|x64.Build.0 = Release|Any CPU
		{42BA57DC-1253-4C52-9515-872C989B9D62}.Release|x86.ActiveCfg = Release|Any CPU
		{42BA57DC-1253-4C52-9515-872C989B9D62}.Release|x86.Build.0 = Release|Any CPU
		{55E36665-CE9C-422B-99D4-7A018331D9BB}.Debug|Any CPU.ActiveCfg = Debug|Any CPU
		{55E36665-CE9C-422B-99D4-7A018331D9BB}.Debug|Any CPU.Build.0 = Debug|Any CPU
		{55E36665-CE9C-422B-99D4-7A018331D9BB}.Debug|x64.ActiveCfg = Debug|Any CPU
		{55E36665-CE9C-422B-99D4-7A018331D9BB}.Debug|x64.Build.0 = Debug|Any CPU
		{55E36665-CE9C-422B-99D4-7A018331D9BB}.Debug|x86.ActiveCfg = Debug|Any CPU
		{55E36665-CE9C-422B-99D4-7A018331D9BB}.Debug|x86.Build.0 = Debug|Any CPU
		{55E36665-CE9C-422B-99D4-7A018331D9BB}.Release|Any CPU.ActiveCfg = Release|Any CPU
		{55E36665-CE9C-422B-99D4-7A018331D9BB}.Release|Any CPU.Build.0 = Release|Any CPU
		{55E36665-CE9C-422B-99D4-7A018331D9BB}.Release|x64.ActiveCfg = Release|Any CPU
		{55E36665-CE9C-422B-99D4-7A018331D9BB}.Release|x64.Build.0 = Release|Any CPU
		{55E36665-CE9C-422B-99D4-7A018331D9BB}.Release|x86.ActiveCfg = Release|Any CPU
		{55E36665-CE9C-422B-99D4-7A018331D9BB}.Release|x86.Build.0 = Release|Any CPU
		{F399E3BD-7B23-4E75-9380-E1776FB8DE69}.Debug|Any CPU.ActiveCfg = Debug|Any CPU
		{F399E3BD-7B23-4E75-9380-E1776FB8DE69}.Debug|Any CPU.Build.0 = Debug|Any CPU
		{F399E3BD-7B23-4E75-9380-E1776FB8DE69}.Debug|x64.ActiveCfg = Debug|Any CPU
		{F399E3BD-7B23-4E75-9380-E1776FB8DE69}.Debug|x64.Build.0 = Debug|Any CPU
		{F399E3BD-7B23-4E75-9380-E1776FB8DE69}.Debug|x86.ActiveCfg = Debug|Any CPU
		{F399E3BD-7B23-4E75-9380-E1776FB8DE69}.Debug|x86.Build.0 = Debug|Any CPU
		{F399E3BD-7B23-4E75-9380-E1776FB8DE69}.Release|Any CPU.ActiveCfg = Release|Any CPU
		{F399E3BD-7B23-4E75-9380-E1776FB8DE69}.Release|Any CPU.Build.0 = Release|Any CPU
		{F399E3BD-7B23-4E75-9380-E1776FB8DE69}.Release|x64.ActiveCfg = Release|Any CPU
		{F399E3BD-7B23-4E75-9380-E1776FB8DE69}.Release|x64.Build.0 = Release|Any CPU
		{F399E3BD-7B23-4E75-9380-E1776FB8DE69}.Release|x86.ActiveCfg = Release|Any CPU
		{F399E3BD-7B23-4E75-9380-E1776FB8DE69}.Release|x86.Build.0 = Release|Any CPU
		{9150D326-10F4-44E0-AC4A-D5B5CA5A2FB5}.Debug|Any CPU.ActiveCfg = Debug|Any CPU
		{9150D326-10F4-44E0-AC4A-D5B5CA5A2FB5}.Debug|Any CPU.Build.0 = Debug|Any CPU
		{9150D326-10F4-44E0-AC4A-D5B5CA5A2FB5}.Debug|x64.ActiveCfg = Debug|Any CPU
		{9150D326-10F4-44E0-AC4A-D5B5CA5A2FB5}.Debug|x64.Build.0 = Debug|Any CPU
		{9150D326-10F4-44E0-AC4A-D5B5CA5A2FB5}.Debug|x86.ActiveCfg = Debug|Any CPU
		{9150D326-10F4-44E0-AC4A-D5B5CA5A2FB5}.Debug|x86.Build.0 = Debug|Any CPU
		{9150D326-10F4-44E0-AC4A-D5B5CA5A2FB5}.Release|Any CPU.ActiveCfg = Release|Any CPU
		{9150D326-10F4-44E0-AC4A-D5B5CA5A2FB5}.Release|Any CPU.Build.0 = Release|Any CPU
		{9150D326-10F4-44E0-AC4A-D5B5CA5A2FB5}.Release|x64.ActiveCfg = Release|Any CPU
		{9150D326-10F4-44E0-AC4A-D5B5CA5A2FB5}.Release|x64.Build.0 = Release|Any CPU
		{9150D326-10F4-44E0-AC4A-D5B5CA5A2FB5}.Release|x86.ActiveCfg = Release|Any CPU
		{9150D326-10F4-44E0-AC4A-D5B5CA5A2FB5}.Release|x86.Build.0 = Release|Any CPU
		{7205F197-B1E0-49B7-A5CB-B20C61325483}.Debug|Any CPU.ActiveCfg = Debug|Any CPU
		{7205F197-B1E0-49B7-A5CB-B20C61325483}.Debug|Any CPU.Build.0 = Debug|Any CPU
		{7205F197-B1E0-49B7-A5CB-B20C61325483}.Debug|x64.ActiveCfg = Debug|Any CPU
		{7205F197-B1E0-49B7-A5CB-B20C61325483}.Debug|x64.Build.0 = Debug|Any CPU
		{7205F197-B1E0-49B7-A5CB-B20C61325483}.Debug|x86.ActiveCfg = Debug|Any CPU
		{7205F197-B1E0-49B7-A5CB-B20C61325483}.Debug|x86.Build.0 = Debug|Any CPU
		{7205F197-B1E0-49B7-A5CB-B20C61325483}.Release|Any CPU.ActiveCfg = Release|Any CPU
		{7205F197-B1E0-49B7-A5CB-B20C61325483}.Release|Any CPU.Build.0 = Release|Any CPU
		{7205F197-B1E0-49B7-A5CB-B20C61325483}.Release|x64.ActiveCfg = Release|Any CPU
		{7205F197-B1E0-49B7-A5CB-B20C61325483}.Release|x64.Build.0 = Release|Any CPU
		{7205F197-B1E0-49B7-A5CB-B20C61325483}.Release|x86.ActiveCfg = Release|Any CPU
		{7205F197-B1E0-49B7-A5CB-B20C61325483}.Release|x86.Build.0 = Release|Any CPU
		{7FF6E8C5-8DD6-46DE-94F5-BB68997ED5C4}.Debug|Any CPU.ActiveCfg = Debug|Any CPU
		{7FF6E8C5-8DD6-46DE-94F5-BB68997ED5C4}.Debug|Any CPU.Build.0 = Debug|Any CPU
		{7FF6E8C5-8DD6-46DE-94F5-BB68997ED5C4}.Debug|x64.ActiveCfg = Debug|Any CPU
		{7FF6E8C5-8DD6-46DE-94F5-BB68997ED5C4}.Debug|x64.Build.0 = Debug|Any CPU
		{7FF6E8C5-8DD6-46DE-94F5-BB68997ED5C4}.Debug|x86.ActiveCfg = Debug|Any CPU
		{7FF6E8C5-8DD6-46DE-94F5-BB68997ED5C4}.Debug|x86.Build.0 = Debug|Any CPU
		{7FF6E8C5-8DD6-46DE-94F5-BB68997ED5C4}.Release|Any CPU.ActiveCfg = Release|Any CPU
		{7FF6E8C5-8DD6-46DE-94F5-BB68997ED5C4}.Release|Any CPU.Build.0 = Release|Any CPU
		{7FF6E8C5-8DD6-46DE-94F5-BB68997ED5C4}.Release|x64.ActiveCfg = Release|Any CPU
		{7FF6E8C5-8DD6-46DE-94F5-BB68997ED5C4}.Release|x64.Build.0 = Release|Any CPU
		{7FF6E8C5-8DD6-46DE-94F5-BB68997ED5C4}.Release|x86.ActiveCfg = Release|Any CPU
		{7FF6E8C5-8DD6-46DE-94F5-BB68997ED5C4}.Release|x86.Build.0 = Release|Any CPU
		{8936FC1E-F4A3-4077-9578-7370402075E2}.Debug|Any CPU.ActiveCfg = Debug|Any CPU
		{8936FC1E-F4A3-4077-9578-7370402075E2}.Debug|Any CPU.Build.0 = Debug|Any CPU
		{8936FC1E-F4A3-4077-9578-7370402075E2}.Debug|x64.ActiveCfg = Debug|Any CPU
		{8936FC1E-F4A3-4077-9578-7370402075E2}.Debug|x64.Build.0 = Debug|Any CPU
		{8936FC1E-F4A3-4077-9578-7370402075E2}.Debug|x86.ActiveCfg = Debug|Any CPU
		{8936FC1E-F4A3-4077-9578-7370402075E2}.Debug|x86.Build.0 = Debug|Any CPU
		{8936FC1E-F4A3-4077-9578-7370402075E2}.Release|Any CPU.ActiveCfg = Release|Any CPU
		{8936FC1E-F4A3-4077-9578-7370402075E2}.Release|Any CPU.Build.0 = Release|Any CPU
		{8936FC1E-F4A3-4077-9578-7370402075E2}.Release|x64.ActiveCfg = Release|Any CPU
		{8936FC1E-F4A3-4077-9578-7370402075E2}.Release|x64.Build.0 = Release|Any CPU
		{8936FC1E-F4A3-4077-9578-7370402075E2}.Release|x86.ActiveCfg = Release|Any CPU
		{8936FC1E-F4A3-4077-9578-7370402075E2}.Release|x86.Build.0 = Release|Any CPU
		{CCE3DC18-8801-452C-9D07-623F6B4F4670}.Debug|Any CPU.ActiveCfg = Debug|Any CPU
		{CCE3DC18-8801-452C-9D07-623F6B4F4670}.Debug|Any CPU.Build.0 = Debug|Any CPU
		{CCE3DC18-8801-452C-9D07-623F6B4F4670}.Debug|x64.ActiveCfg = Debug|Any CPU
		{CCE3DC18-8801-452C-9D07-623F6B4F4670}.Debug|x64.Build.0 = Debug|Any CPU
		{CCE3DC18-8801-452C-9D07-623F6B4F4670}.Debug|x86.ActiveCfg = Debug|Any CPU
		{CCE3DC18-8801-452C-9D07-623F6B4F4670}.Debug|x86.Build.0 = Debug|Any CPU
		{CCE3DC18-8801-452C-9D07-623F6B4F4670}.Release|Any CPU.ActiveCfg = Release|Any CPU
		{CCE3DC18-8801-452C-9D07-623F6B4F4670}.Release|Any CPU.Build.0 = Release|Any CPU
		{CCE3DC18-8801-452C-9D07-623F6B4F4670}.Release|x64.ActiveCfg = Release|Any CPU
		{CCE3DC18-8801-452C-9D07-623F6B4F4670}.Release|x64.Build.0 = Release|Any CPU
		{CCE3DC18-8801-452C-9D07-623F6B4F4670}.Release|x86.ActiveCfg = Release|Any CPU
		{CCE3DC18-8801-452C-9D07-623F6B4F4670}.Release|x86.Build.0 = Release|Any CPU
		{A1B2C3D4-E5F6-7890-ABCD-EF1234567890}.Debug|Any CPU.ActiveCfg = Debug|Any CPU
		{A1B2C3D4-E5F6-7890-ABCD-EF1234567890}.Debug|Any CPU.Build.0 = Debug|Any CPU
		{A1B2C3D4-E5F6-7890-ABCD-EF1234567890}.Debug|x64.ActiveCfg = Debug|Any CPU
		{A1B2C3D4-E5F6-7890-ABCD-EF1234567890}.Debug|x64.Build.0 = Debug|Any CPU
		{A1B2C3D4-E5F6-7890-ABCD-EF1234567890}.Debug|x86.ActiveCfg = Debug|Any CPU
		{A1B2C3D4-E5F6-7890-ABCD-EF1234567890}.Debug|x86.Build.0 = Debug|Any CPU
		{A1B2C3D4-E5F6-7890-ABCD-EF1234567890}.Release|Any CPU.ActiveCfg = Release|Any CPU
		{A1B2C3D4-E5F6-7890-ABCD-EF1234567890}.Release|Any CPU.Build.0 = Release|Any CPU
		{A1B2C3D4-E5F6-7890-ABCD-EF1234567890}.Release|x64.ActiveCfg = Release|Any CPU
		{A1B2C3D4-E5F6-7890-ABCD-EF1234567890}.Release|x64.Build.0 = Release|Any CPU
		{A1B2C3D4-E5F6-7890-ABCD-EF1234567890}.Release|x86.ActiveCfg = Release|Any CPU
		{A1B2C3D4-E5F6-7890-ABCD-EF1234567890}.Release|x86.Build.0 = Release|Any CPU
	EndGlobalSection
	GlobalSection(SolutionProperties) = preSolution
		HideSolutionNode = FALSE
	EndGlobalSection
	GlobalSection(NestedProjects) = preSolution
	EndGlobalSection
EndGlobal
